// !$*UTF8*$!
{
	archiveVersion = 1;
	classes = {
	};
	objectVersion = 50;
	objects = {

/* Begin PBXBuildFile section */
		75242FEA24D9FB4B00CC6428 /* Date+String.swift in Sources */ = {isa = PBXBuildFile; fileRef = 75242FE924D9FB4B00CC6428 /* Date+String.swift */; };
		75456CC324DA0A6100EDFD5C /* Decodable+CreateModel.swift in Sources */ = {isa = PBXBuildFile; fileRef = 75456CC224DA0A6100EDFD5C /* Decodable+CreateModel.swift */; };
		75456CCB24DB3C6800EDFD5C /* EventDetailsViewModel.swift in Sources */ = {isa = PBXBuildFile; fileRef = 75456CCA24DB3C6800EDFD5C /* EventDetailsViewModel.swift */; };
		75456CCE24DB3CD400EDFD5C /* BaseViewModelDelegate.swift in Sources */ = {isa = PBXBuildFile; fileRef = 75456CCD24DB3CD400EDFD5C /* BaseViewModelDelegate.swift */; };
		75456CD024DB3F0B00EDFD5C /* BaseViewController.swift in Sources */ = {isa = PBXBuildFile; fileRef = 75456CCF24DB3F0B00EDFD5C /* BaseViewController.swift */; };
		7590532024D094EB00DA2597 /* EventsHeaderCell.swift in Sources */ = {isa = PBXBuildFile; fileRef = 7590531F24D094EB00DA2597 /* EventsHeaderCell.swift */; };
		7590532224D0952400DA2597 /* EventsHeaderCell.xib in Resources */ = {isa = PBXBuildFile; fileRef = 7590532124D0952400DA2597 /* EventsHeaderCell.xib */; };
		7590532424D0987F00DA2597 /* EventsDetailedTableViewCell.xib in Resources */ = {isa = PBXBuildFile; fileRef = 7590532324D0987F00DA2597 /* EventsDetailedTableViewCell.xib */; };
		7590532624D09CD700DA2597 /* EventsDetailedTableViewCell.swift in Sources */ = {isa = PBXBuildFile; fileRef = 7590532524D09CD700DA2597 /* EventsDetailedTableViewCell.swift */; };
		7590532824D0B0EE00DA2597 /* EventDetailItem.swift in Sources */ = {isa = PBXBuildFile; fileRef = 7590532724D0B0EE00DA2597 /* EventDetailItem.swift */; };
		7590532E24D0BDB900DA2597 /* EventDetailsViewController.swift in Sources */ = {isa = PBXBuildFile; fileRef = 7590532D24D0BDB900DA2597 /* EventDetailsViewController.swift */; };
		7590533024D0BED300DA2597 /* EventDetailsScreen.storyboard in Resources */ = {isa = PBXBuildFile; fileRef = 7590532F24D0BED300DA2597 /* EventDetailsScreen.storyboard */; };
		75E2894224CF494C005B7215 /* AppDelegate.swift in Sources */ = {isa = PBXBuildFile; fileRef = 75E2894124CF494C005B7215 /* AppDelegate.swift */; };
		75E2894B24CF494F005B7215 /* Assets.xcassets in Resources */ = {isa = PBXBuildFile; fileRef = 75E2894A24CF494F005B7215 /* Assets.xcassets */; };
		75E2894E24CF494F005B7215 /* LaunchScreen.storyboard in Resources */ = {isa = PBXBuildFile; fileRef = 75E2894C24CF494F005B7215 /* LaunchScreen.storyboard */; };
		75E2895B24CF4C02005B7215 /* EventsScreen.storyboard in Resources */ = {isa = PBXBuildFile; fileRef = 75E2895A24CF4C02005B7215 /* EventsScreen.storyboard */; };
		75E2895D24CF4C23005B7215 /* EventsViewController.swift in Sources */ = {isa = PBXBuildFile; fileRef = 75E2895C24CF4C23005B7215 /* EventsViewController.swift */; };
		75E2895F24CF4D2D005B7215 /* EventsViewModel.swift in Sources */ = {isa = PBXBuildFile; fileRef = 75E2895E24CF4D2D005B7215 /* EventsViewModel.swift */; };
		75E2896324CF4DA5005B7215 /* EventsInteractor.swift in Sources */ = {isa = PBXBuildFile; fileRef = 75E2896224CF4DA5005B7215 /* EventsInteractor.swift */; };
		75E2896624CF4DC6005B7215 /* EventsBoundary.swift in Sources */ = {isa = PBXBuildFile; fileRef = 75E2896524CF4DC6005B7215 /* EventsBoundary.swift */; };
		75E2896C24CF5069005B7215 /* EventsDataModel.swift in Sources */ = {isa = PBXBuildFile; fileRef = 75E2896B24CF5069005B7215 /* EventsDataModel.swift */; };
		75E2897624CF5891005B7215 /* WebServicesManager.swift in Sources */ = {isa = PBXBuildFile; fileRef = 75E2897524CF5891005B7215 /* WebServicesManager.swift */; };
/* End PBXBuildFile section */

/* Begin PBXFileReference section */
		75242FE924D9FB4B00CC6428 /* Date+String.swift */ = {isa = PBXFileReference; lastKnownFileType = sourcecode.swift; path = "Date+String.swift"; sourceTree = "<group>"; };
		75456CC224DA0A6100EDFD5C /* Decodable+CreateModel.swift */ = {isa = PBXFileReference; fileEncoding = 4; lastKnownFileType = sourcecode.swift; path = "Decodable+CreateModel.swift"; sourceTree = "<group>"; };
		75456CCA24DB3C6800EDFD5C /* EventDetailsViewModel.swift */ = {isa = PBXFileReference; lastKnownFileType = sourcecode.swift; path = EventDetailsViewModel.swift; sourceTree = "<group>"; };
		75456CCD24DB3CD400EDFD5C /* BaseViewModelDelegate.swift */ = {isa = PBXFileReference; lastKnownFileType = sourcecode.swift; path = BaseViewModelDelegate.swift; sourceTree = "<group>"; };
		75456CCF24DB3F0B00EDFD5C /* BaseViewController.swift */ = {isa = PBXFileReference; lastKnownFileType = sourcecode.swift; path = BaseViewController.swift; sourceTree = "<group>"; };
		7590531F24D094EB00DA2597 /* EventsHeaderCell.swift */ = {isa = PBXFileReference; lastKnownFileType = sourcecode.swift; path = EventsHeaderCell.swift; sourceTree = "<group>"; };
		7590532124D0952400DA2597 /* EventsHeaderCell.xib */ = {isa = PBXFileReference; lastKnownFileType = file.xib; path = EventsHeaderCell.xib; sourceTree = "<group>"; };
		7590532324D0987F00DA2597 /* EventsDetailedTableViewCell.xib */ = {isa = PBXFileReference; lastKnownFileType = file.xib; path = EventsDetailedTableViewCell.xib; sourceTree = "<group>"; };
		7590532524D09CD700DA2597 /* EventsDetailedTableViewCell.swift */ = {isa = PBXFileReference; lastKnownFileType = sourcecode.swift; path = EventsDetailedTableViewCell.swift; sourceTree = "<group>"; };
		7590532724D0B0EE00DA2597 /* EventDetailItem.swift */ = {isa = PBXFileReference; lastKnownFileType = sourcecode.swift; path = EventDetailItem.swift; sourceTree = "<group>"; };
		7590532D24D0BDB900DA2597 /* EventDetailsViewController.swift */ = {isa = PBXFileReference; lastKnownFileType = sourcecode.swift; path = EventDetailsViewController.swift; sourceTree = "<group>"; };
		7590532F24D0BED300DA2597 /* EventDetailsScreen.storyboard */ = {isa = PBXFileReference; lastKnownFileType = file.storyboard; path = EventDetailsScreen.storyboard; sourceTree = "<group>"; };
		75E2893E24CF494C005B7215 /* Events.app */ = {isa = PBXFileReference; explicitFileType = wrapper.application; includeInIndex = 0; path = Events.app; sourceTree = BUILT_PRODUCTS_DIR; };
		75E2894124CF494C005B7215 /* AppDelegate.swift */ = {isa = PBXFileReference; lastKnownFileType = sourcecode.swift; path = AppDelegate.swift; sourceTree = "<group>"; };
		75E2894A24CF494F005B7215 /* Assets.xcassets */ = {isa = PBXFileReference; lastKnownFileType = folder.assetcatalog; path = Assets.xcassets; sourceTree = "<group>"; };
		75E2894D24CF494F005B7215 /* Base */ = {isa = PBXFileReference; lastKnownFileType = file.storyboard; name = Base; path = Base.lproj/LaunchScreen.storyboard; sourceTree = "<group>"; };
		75E2894F24CF494F005B7215 /* Info.plist */ = {isa = PBXFileReference; lastKnownFileType = text.plist.xml; path = Info.plist; sourceTree = "<group>"; };
		75E2895A24CF4C02005B7215 /* EventsScreen.storyboard */ = {isa = PBXFileReference; lastKnownFileType = file.storyboard; path = EventsScreen.storyboard; sourceTree = "<group>"; };
		75E2895C24CF4C23005B7215 /* EventsViewController.swift */ = {isa = PBXFileReference; lastKnownFileType = sourcecode.swift; path = EventsViewController.swift; sourceTree = "<group>"; };
		75E2895E24CF4D2D005B7215 /* EventsViewModel.swift */ = {isa = PBXFileReference; lastKnownFileType = sourcecode.swift; path = EventsViewModel.swift; sourceTree = "<group>"; };
		75E2896224CF4DA5005B7215 /* EventsInteractor.swift */ = {isa = PBXFileReference; lastKnownFileType = sourcecode.swift; path = EventsInteractor.swift; sourceTree = "<group>"; };
		75E2896524CF4DC6005B7215 /* EventsBoundary.swift */ = {isa = PBXFileReference; lastKnownFileType = sourcecode.swift; path = EventsBoundary.swift; sourceTree = "<group>"; };
		75E2896B24CF5069005B7215 /* EventsDataModel.swift */ = {isa = PBXFileReference; lastKnownFileType = sourcecode.swift; path = EventsDataModel.swift; sourceTree = "<group>"; };
		75E2897524CF5891005B7215 /* WebServicesManager.swift */ = {isa = PBXFileReference; lastKnownFileType = sourcecode.swift; path = WebServicesManager.swift; sourceTree = "<group>"; };
/* End PBXFileReference section */

/* Begin PBXFrameworksBuildPhase section */
		75E2893B24CF494C005B7215 /* Frameworks */ = {
			isa = PBXFrameworksBuildPhase;
			buildActionMask = 2147483647;
			files = (
			);
			runOnlyForDeploymentPostprocessing = 0;
		};
/* End PBXFrameworksBuildPhase section */

/* Begin PBXGroup section */
		75242FE824D9FB2100CC6428 /* Extensions */ = {
			isa = PBXGroup;
			children = (
				75242FE924D9FB4B00CC6428 /* Date+String.swift */,
				75456CC224DA0A6100EDFD5C /* Decodable+CreateModel.swift */,
			);
			path = Extensions;
			sourceTree = "<group>";
		};
		75456CCC24DB3CBF00EDFD5C /* Shared */ = {
			isa = PBXGroup;
			children = (
				75E2896A24CF5050005B7215 /* Data Model */,
				75E2896024CF4D53005B7215 /* Interactor */,
				75456CCD24DB3CD400EDFD5C /* BaseViewModelDelegate.swift */,
				75456CCF24DB3F0B00EDFD5C /* BaseViewController.swift */,
			);
			path = Shared;
			sourceTree = "<group>";
		};
		7590531D24D0945A00DA2597 /* Detailed Cell */ = {
			isa = PBXGroup;
			children = (
				7590532324D0987F00DA2597 /* EventsDetailedTableViewCell.xib */,
				7590532524D09CD700DA2597 /* EventsDetailedTableViewCell.swift */,
			);
			path = "Detailed Cell";
			sourceTree = "<group>";
		};
		7590531E24D0947D00DA2597 /* Header Cell */ = {
			isa = PBXGroup;
			children = (
				7590531F24D094EB00DA2597 /* EventsHeaderCell.swift */,
				7590532124D0952400DA2597 /* EventsHeaderCell.xib */,
			);
			path = "Header Cell";
			sourceTree = "<group>";
		};
		7590532924D0BCB200DA2597 /* Event Details View */ = {
			isa = PBXGroup;
			children = (
				7590532B24D0BCEB00DA2597 /* View Controller */,
				7590532A24D0BCE100DA2597 /* View Model */,
			);
			path = "Event Details View";
			sourceTree = "<group>";
		};
		7590532A24D0BCE100DA2597 /* View Model */ = {
			isa = PBXGroup;
			children = (
				75456CCA24DB3C6800EDFD5C /* EventDetailsViewModel.swift */,
			);
			path = "View Model";
			sourceTree = "<group>";
		};
		7590532B24D0BCEB00DA2597 /* View Controller */ = {
			isa = PBXGroup;
			children = (
				7590532D24D0BDB900DA2597 /* EventDetailsViewController.swift */,
				7590532F24D0BED300DA2597 /* EventDetailsScreen.storyboard */,
			);
			path = "View Controller";
			sourceTree = "<group>";
		};
		75E2893524CF494B005B7215 = {
			isa = PBXGroup;
			children = (
				75E2894024CF494C005B7215 /* Events */,
				75E2893F24CF494C005B7215 /* Products */,
			);
			sourceTree = "<group>";
		};
		75E2893F24CF494C005B7215 /* Products */ = {
			isa = PBXGroup;
			children = (
				75E2893E24CF494C005B7215 /* Events.app */,
			);
			name = Products;
			sourceTree = "<group>";
		};
		75E2894024CF494C005B7215 /* Events */ = {
			isa = PBXGroup;
			children = (
				75E2894124CF494C005B7215 /* AppDelegate.swift */,
				75E2894A24CF494F005B7215 /* Assets.xcassets */,
				75E2895624CF4B93005B7215 /* Views */,
				75242FE824D9FB2100CC6428 /* Extensions */,
				75E2894C24CF494F005B7215 /* LaunchScreen.storyboard */,
				75E2894F24CF494F005B7215 /* Info.plist */,
			);
			path = Events;
			sourceTree = "<group>";
		};
		75E2895624CF4B93005B7215 /* Views */ = {
			isa = PBXGroup;
			children = (
				75456CCC24DB3CBF00EDFD5C /* Shared */,
				75E2895724CF4BAD005B7215 /* Events List View */,
				7590532924D0BCB200DA2597 /* Event Details View */,
			);
			path = Views;
			sourceTree = "<group>";
		};
		75E2895724CF4BAD005B7215 /* Events List View */ = {
			isa = PBXGroup;
			children = (
				75E2895924CF4BDD005B7215 /* View Controller */,
				75E2895824CF4BBB005B7215 /* View Model */,
			);
			path = "Events List View";
			sourceTree = "<group>";
		};
		75E2895824CF4BBB005B7215 /* View Model */ = {
			isa = PBXGroup;
			children = (
				75E2895E24CF4D2D005B7215 /* EventsViewModel.swift */,
				7590532724D0B0EE00DA2597 /* EventDetailItem.swift */,
			);
			path = "View Model";
			sourceTree = "<group>";
		};
		75E2895924CF4BDD005B7215 /* View Controller */ = {
			isa = PBXGroup;
			children = (
				7590531E24D0947D00DA2597 /* Header Cell */,
				7590531D24D0945A00DA2597 /* Detailed Cell */,
				75E2895A24CF4C02005B7215 /* EventsScreen.storyboard */,
				75E2895C24CF4C23005B7215 /* EventsViewController.swift */,
			);
			path = "View Controller";
			sourceTree = "<group>";
		};
		75E2896024CF4D53005B7215 /* Interactor */ = {
			isa = PBXGroup;
			children = (
				75E2896524CF4DC6005B7215 /* EventsBoundary.swift */,
				75E2896224CF4DA5005B7215 /* EventsInteractor.swift */,
				75E2897524CF5891005B7215 /* WebServicesManager.swift */,
			);
			path = Interactor;
			sourceTree = "<group>";
		};
		75E2896A24CF5050005B7215 /* Data Model */ = {
			isa = PBXGroup;
			children = (
				75E2896B24CF5069005B7215 /* EventsDataModel.swift */,
			);
			path = "Data Model";
			sourceTree = "<group>";
		};
/* End PBXGroup section */

/* Begin PBXNativeTarget section */
		75E2893D24CF494C005B7215 /* Events */ = {
			isa = PBXNativeTarget;
			buildConfigurationList = 75E2895224CF494F005B7215 /* Build configuration list for PBXNativeTarget "Events" */;
			buildPhases = (
				75E2893A24CF494C005B7215 /* Sources */,
				75E2893B24CF494C005B7215 /* Frameworks */,
				75E2893C24CF494C005B7215 /* Resources */,
			);
			buildRules = (
			);
			dependencies = (
			);
			name = Events;
			productName = Events;
			productReference = 75E2893E24CF494C005B7215 /* Events.app */;
			productType = "com.apple.product-type.application";
		};
/* End PBXNativeTarget section */

/* Begin PBXProject section */
		75E2893624CF494B005B7215 /* Project object */ = {
			isa = PBXProject;
			attributes = {
				LastSwiftUpdateCheck = 1150;
				LastUpgradeCheck = 1150;
				ORGANIZATIONNAME = Luntu;
				TargetAttributes = {
					75E2893D24CF494C005B7215 = {
						CreatedOnToolsVersion = 11.5;
					};
				};
			};
			buildConfigurationList = 75E2893924CF494B005B7215 /* Build configuration list for PBXProject "Events" */;
			compatibilityVersion = "Xcode 9.3";
			developmentRegion = en;
			hasScannedForEncodings = 0;
			knownRegions = (
				en,
				Base,
			);
			mainGroup = 75E2893524CF494B005B7215;
			productRefGroup = 75E2893F24CF494C005B7215 /* Products */;
			projectDirPath = "";
			projectRoot = "";
			targets = (
				75E2893D24CF494C005B7215 /* Events */,
			);
		};
/* End PBXProject section */

/* Begin PBXResourcesBuildPhase section */
		75E2893C24CF494C005B7215 /* Resources */ = {
			isa = PBXResourcesBuildPhase;
			buildActionMask = 2147483647;
			files = (
				7590532424D0987F00DA2597 /* EventsDetailedTableViewCell.xib in Resources */,
				75E2894E24CF494F005B7215 /* LaunchScreen.storyboard in Resources */,
				7590533024D0BED300DA2597 /* EventDetailsScreen.storyboard in Resources */,
				75E2895B24CF4C02005B7215 /* EventsScreen.storyboard in Resources */,
				75E2894B24CF494F005B7215 /* Assets.xcassets in Resources */,
				7590532224D0952400DA2597 /* EventsHeaderCell.xib in Resources */,
			);
			runOnlyForDeploymentPostprocessing = 0;
		};
/* End PBXResourcesBuildPhase section */

/* Begin PBXSourcesBuildPhase section */
		75E2893A24CF494C005B7215 /* Sources */ = {
			isa = PBXSourcesBuildPhase;
			buildActionMask = 2147483647;
			files = (
				75E2897624CF5891005B7215 /* WebServicesManager.swift in Sources */,
				75E2895F24CF4D2D005B7215 /* EventsViewModel.swift in Sources */,
				75E2896324CF4DA5005B7215 /* EventsInteractor.swift in Sources */,
				75E2896C24CF5069005B7215 /* EventsDataModel.swift in Sources */,
				7590532824D0B0EE00DA2597 /* EventDetailItem.swift in Sources */,
				7590532024D094EB00DA2597 /* EventsHeaderCell.swift in Sources */,
				75E2896624CF4DC6005B7215 /* EventsBoundary.swift in Sources */,
				75E2894224CF494C005B7215 /* AppDelegate.swift in Sources */,
				7590532624D09CD700DA2597 /* EventsDetailedTableViewCell.swift in Sources */,
				75456CCE24DB3CD400EDFD5C /* BaseViewModelDelegate.swift in Sources */,
				7590532E24D0BDB900DA2597 /* EventDetailsViewController.swift in Sources */,
				75456CC324DA0A6100EDFD5C /* Decodable+CreateModel.swift in Sources */,
				75E2895D24CF4C23005B7215 /* EventsViewController.swift in Sources */,
				75456CD024DB3F0B00EDFD5C /* BaseViewController.swift in Sources */,
				75456CCB24DB3C6800EDFD5C /* EventDetailsViewModel.swift in Sources */,
				75242FEA24D9FB4B00CC6428 /* Date+String.swift in Sources */,
			);
			runOnlyForDeploymentPostprocessing = 0;
		};
/* End PBXSourcesBuildPhase section */

/* Begin PBXVariantGroup section */
		75E2894C24CF494F005B7215 /* LaunchScreen.storyboard */ = {
			isa = PBXVariantGroup;
			children = (
				75E2894D24CF494F005B7215 /* Base */,
			);
			name = LaunchScreen.storyboard;
			sourceTree = "<group>";
		};
/* End PBXVariantGroup section */

/* Begin XCBuildConfiguration section */
		75E2895024CF494F005B7215 /* Debug */ = {
			isa = XCBuildConfiguration;
			buildSettings = {
				ALWAYS_SEARCH_USER_PATHS = NO;
				CLANG_ANALYZER_NONNULL = YES;
				CLANG_ANALYZER_NUMBER_OBJECT_CONVERSION = YES_AGGRESSIVE;
				CLANG_CXX_LANGUAGE_STANDARD = "gnu++14";
				CLANG_CXX_LIBRARY = "libc++";
				CLANG_ENABLE_MODULES = YES;
				CLANG_ENABLE_OBJC_ARC = YES;
				CLANG_ENABLE_OBJC_WEAK = YES;
				CLANG_WARN_BLOCK_CAPTURE_AUTORELEASING = YES;
				CLANG_WARN_BOOL_CONVERSION = YES;
				CLANG_WARN_COMMA = YES;
				CLANG_WARN_CONSTANT_CONVERSION = YES;
				CLANG_WARN_DEPRECATED_OBJC_IMPLEMENTATIONS = YES;
				CLANG_WARN_DIRECT_OBJC_ISA_USAGE = YES_ERROR;
				CLANG_WARN_DOCUMENTATION_COMMENTS = YES;
				CLANG_WARN_EMPTY_BODY = YES;
				CLANG_WARN_ENUM_CONVERSION = YES;
				CLANG_WARN_INFINITE_RECURSION = YES;
				CLANG_WARN_INT_CONVERSION = YES;
				CLANG_WARN_NON_LITERAL_NULL_CONVERSION = YES;
				CLANG_WARN_OBJC_IMPLICIT_RETAIN_SELF = YES;
				CLANG_WARN_OBJC_LITERAL_CONVERSION = YES;
				CLANG_WARN_OBJC_ROOT_CLASS = YES_ERROR;
				CLANG_WARN_RANGE_LOOP_ANALYSIS = YES;
				CLANG_WARN_STRICT_PROTOTYPES = YES;
				CLANG_WARN_SUSPICIOUS_MOVE = YES;
				CLANG_WARN_UNGUARDED_AVAILABILITY = YES_AGGRESSIVE;
				CLANG_WARN_UNREACHABLE_CODE = YES;
				CLANG_WARN__DUPLICATE_METHOD_MATCH = YES;
				COPY_PHASE_STRIP = NO;
				DEBUG_INFORMATION_FORMAT = dwarf;
				ENABLE_STRICT_OBJC_MSGSEND = YES;
				ENABLE_TESTABILITY = YES;
				GCC_C_LANGUAGE_STANDARD = gnu11;
				GCC_DYNAMIC_NO_PIC = NO;
				GCC_NO_COMMON_BLOCKS = YES;
				GCC_OPTIMIZATION_LEVEL = 0;
				GCC_PREPROCESSOR_DEFINITIONS = (
					"DEBUG=1",
					"$(inherited)",
				);
				GCC_WARN_64_TO_32_BIT_CONVERSION = YES;
				GCC_WARN_ABOUT_RETURN_TYPE = YES_ERROR;
				GCC_WARN_UNDECLARED_SELECTOR = YES;
				GCC_WARN_UNINITIALIZED_AUTOS = YES_AGGRESSIVE;
				GCC_WARN_UNUSED_FUNCTION = YES;
				GCC_WARN_UNUSED_VARIABLE = YES;
				IPHONEOS_DEPLOYMENT_TARGET = 13.5;
				MTL_ENABLE_DEBUG_INFO = INCLUDE_SOURCE;
				MTL_FAST_MATH = YES;
				ONLY_ACTIVE_ARCH = YES;
				SDKROOT = iphoneos;
				SWIFT_ACTIVE_COMPILATION_CONDITIONS = DEBUG;
				SWIFT_OPTIMIZATION_LEVEL = "-Onone";
			};
			name = Debug;
		};
		75E2895124CF494F005B7215 /* Release */ = {
			isa = XCBuildConfiguration;
			buildSettings = {
				ALWAYS_SEARCH_USER_PATHS = NO;
				CLANG_ANALYZER_NONNULL = YES;
				CLANG_ANALYZER_NUMBER_OBJECT_CONVERSION = YES_AGGRESSIVE;
				CLANG_CXX_LANGUAGE_STANDARD = "gnu++14";
				CLANG_CXX_LIBRARY = "libc++";
				CLANG_ENABLE_MODULES = YES;
				CLANG_ENABLE_OBJC_ARC = YES;
				CLANG_ENABLE_OBJC_WEAK = YES;
				CLANG_WARN_BLOCK_CAPTURE_AUTORELEASING = YES;
				CLANG_WARN_BOOL_CONVERSION = YES;
				CLANG_WARN_COMMA = YES;
				CLANG_WARN_CONSTANT_CONVERSION = YES;
				CLANG_WARN_DEPRECATED_OBJC_IMPLEMENTATIONS = YES;
				CLANG_WARN_DIRECT_OBJC_ISA_USAGE = YES_ERROR;
				CLANG_WARN_DOCUMENTATION_COMMENTS = YES;
				CLANG_WARN_EMPTY_BODY = YES;
				CLANG_WARN_ENUM_CONVERSION = YES;
				CLANG_WARN_INFINITE_RECURSION = YES;
				CLANG_WARN_INT_CONVERSION = YES;
				CLANG_WARN_NON_LITERAL_NULL_CONVERSION = YES;
				CLANG_WARN_OBJC_IMPLICIT_RETAIN_SELF = YES;
				CLANG_WARN_OBJC_LITERAL_CONVERSION = YES;
				CLANG_WARN_OBJC_ROOT_CLASS = YES_ERROR;
				CLANG_WARN_RANGE_LOOP_ANALYSIS = YES;
				CLANG_WARN_STRICT_PROTOTYPES = YES;
				CLANG_WARN_SUSPICIOUS_MOVE = YES;
				CLANG_WARN_UNGUARDED_AVAILABILITY = YES_AGGRESSIVE;
				CLANG_WARN_UNREACHABLE_CODE = YES;
				CLANG_WARN__DUPLICATE_METHOD_MATCH = YES;
				COPY_PHASE_STRIP = NO;
				DEBUG_INFORMATION_FORMAT = "dwarf-with-dsym";
				ENABLE_NS_ASSERTIONS = NO;
				ENABLE_STRICT_OBJC_MSGSEND = YES;
				GCC_C_LANGUAGE_STANDARD = gnu11;
				GCC_NO_COMMON_BLOCKS = YES;
				GCC_WARN_64_TO_32_BIT_CONVERSION = YES;
				GCC_WARN_ABOUT_RETURN_TYPE = YES_ERROR;
				GCC_WARN_UNDECLARED_SELECTOR = YES;
				GCC_WARN_UNINITIALIZED_AUTOS = YES_AGGRESSIVE;
				GCC_WARN_UNUSED_FUNCTION = YES;
				GCC_WARN_UNUSED_VARIABLE = YES;
				IPHONEOS_DEPLOYMENT_TARGET = 13.5;
				MTL_ENABLE_DEBUG_INFO = NO;
				MTL_FAST_MATH = YES;
				SDKROOT = iphoneos;
				SWIFT_COMPILATION_MODE = wholemodule;
				SWIFT_OPTIMIZATION_LEVEL = "-O";
				VALIDATE_PRODUCT = YES;
			};
			name = Release;
		};
		75E2895324CF494F005B7215 /* Debug */ = {
			isa = XCBuildConfiguration;
			buildSettings = {
				ASSETCATALOG_COMPILER_APPICON_NAME = AppIcon;
				CODE_SIGN_STYLE = Automatic;
				INFOPLIST_FILE = Events/Info.plist;
				LD_RUNPATH_SEARCH_PATHS = (
					"$(inherited)",
					"@executable_path/Frameworks",
				);
				PRODUCT_BUNDLE_IDENTIFIER = luntu.Events;
				PRODUCT_NAME = "$(TARGET_NAME)";
				SWIFT_VERSION = 5.0;
				TARGETED_DEVICE_FAMILY = "1,2";
			};
			name = Debug;
		};
		75E2895424CF494F005B7215 /* Release */ = {
			isa = XCBuildConfiguration;
			buildSettings = {
				ASSETCATALOG_COMPILER_APPICON_NAME = AppIcon;
				CODE_SIGN_STYLE = Automatic;
				INFOPLIST_FILE = Events/Info.plist;
				LD_RUNPATH_SEARCH_PATHS = (
					"$(inherited)",
					"@executable_path/Frameworks",
				);
				PRODUCT_BUNDLE_IDENTIFIER = luntu.Events;
				PRODUCT_NAME = "$(TARGET_NAME)";
				SWIFT_VERSION = 5.0;
				TARGETED_DEVICE_FAMILY = "1,2";
			};
			name = Release;
		};
/* End XCBuildConfiguration section */

/* Begin XCConfigurationList section */
		75E2893924CF494B005B7215 /* Build configuration list for PBXProject "Events" */ = {
			isa = XCConfigurationList;
			buildConfigurations = (
				75E2895024CF494F005B7215 /* Debug */,
				75E2895124CF494F005B7215 /* Release */,
			);
			defaultConfigurationIsVisible = 0;
			defaultConfigurationName = Release;
		};
		75E2895224CF494F005B7215 /* Build configuration list for PBXNativeTarget "Events" */ = {
			isa = XCConfigurationList;
			buildConfigurations = (
				75E2895324CF494F005B7215 /* Debug */,
				75E2895424CF494F005B7215 /* Release */,
			);
			defaultConfigurationIsVisible = 0;
			defaultConfigurationName = Release;
		};
/* End XCConfigurationList section */
	};
	rootObject = 75E2893624CF494B005B7215 /* Project object */;
}
